schema: '2.0'
stages:
  data_ingestion:
    cmd: python src/dogvscatclassfier/pipeline/stage_01_data_ingestion.py
    deps:
    - path: config/config.yaml
      hash: md5
      md5: 620d50c29099d11c64cf898d80b537e8
      size: 583
    - path: src/dogvscatclassfier/pipeline/stage_01_data_ingestion.py
      hash: md5
      md5: e94886488db179283cb5bb6fcef4a399
      size: 1050
    outs:
    - path: artifacts/data_ingestion/data
      hash: md5
      md5: 261f07773b2407836184fd4c3006a2e4.dir
      size: 14768845
      nfiles: 465
  prepare_base_model:
    cmd: python src/dogvscatclassfier/pipeline/stage_02_prepare_base_model.py
    deps:
    - path: config/config.yaml
      hash: md5
      md5: 620d50c29099d11c64cf898d80b537e8
      size: 583
    - path: src/dogvscatclassfier/pipeline/stage_02_prepare_base_model.py
      hash: md5
      md5: 502b9b221eef952e2d5e872746bb2f7a
      size: 1023
    params:
      params.yaml:
        CLASSES: 2
        IMAGE_SIZE:
        - 224
        - 224
        - 3
        INCLUDE_TOP: false
        LEARNING_RATE: 0.01
        WEIGHTS: imagenet
    outs:
    - path: artifacts/prepare_base_model
      hash: md5
      md5: e75fef5ae13695b2040c679e8cf11285.dir
      size: 118053368
      nfiles: 2
  training:
    cmd: python src/dogvscatclassfier/pipeline/stage_03_model_training.py
    deps:
    - path: artifacts/data_ingestion/data
      hash: md5
      md5: 261f07773b2407836184fd4c3006a2e4.dir
      size: 14768845
      nfiles: 465
    - path: artifacts/prepare_base_model
      hash: md5
      md5: e75fef5ae13695b2040c679e8cf11285.dir
      size: 118053368
      nfiles: 2
    - path: config/config.yaml
      hash: md5
      md5: 620d50c29099d11c64cf898d80b537e8
      size: 583
    - path: src/dogvscatclassfier/pipeline/stage_03_model_training.py
      hash: md5
      md5: d2a39e527b22b2d0541a38c1f84ee648
      size: 951
    params:
      params.yaml:
        AUGMENTATION: true
        BATCH_SIZE: 16
        EPOCHS: 60
        IMAGE_SIZE:
        - 224
        - 224
        - 3
    outs:
    - path: artifacts/training/model.h5
      hash: md5
      md5: fab97f255ddf0385c258c7a2d39f1ef2
      size: 59135136
  evaluation:
    cmd: python src/dogvscatclassfier/pipeline/stage_04_model_evaluation.py
    deps:
    - path: artifacts/data_ingestion/data
      hash: md5
      md5: 261f07773b2407836184fd4c3006a2e4.dir
      size: 14768845
      nfiles: 465
    - path: artifacts/training/model.h5
      hash: md5
      md5: fab97f255ddf0385c258c7a2d39f1ef2
      size: 59135136
    - path: config/config.yaml
      hash: md5
      md5: 620d50c29099d11c64cf898d80b537e8
      size: 583
    - path: src/dogvscatclassfier/pipeline/stage_04_model_evaluation.py
      hash: md5
      md5: 54404850c57e8ba431e72eb0a3f1b31d
      size: 962
    params:
      params.yaml:
        BATCH_SIZE: 16
        IMAGE_SIZE:
        - 224
        - 224
        - 3
    outs:
    - path: scores.json
      hash: md5
      md5: f9a26342030b351d3c8580e7a82c964a
      size: 73
